
Microsoft Visual Studio Solution File, Format Version 11.00
# Visual Studio 2010
Project("{FAE04EC0-301F-11D3-BF4B-00C04F79EFBC}") = "RobotCreation", "Assembly-CSharp.csproj", "{73B617FC-F0FC-80EC-A61C-118DA62E8350}"
EndProject
Project("{FAE04EC0-301F-11D3-BF4B-00C04F79EFBC}") = "RobotCreation", "Assembly-CSharp-Editor.csproj", "{2281B97C-04A0-78DA-75F8-A0F552D57446}"
EndProject
Global
	GlobalSection(SolutionConfigurationPlatforms) = preSolution
		Debug|Any CPU = Debug|Any CPU
		Release|Any CPU = Release|Any CPU
	EndGlobalSection
	GlobalSection(ProjectConfigurationPlatforms) = postSolution
		{73B617FC-F0FC-80EC-A61C-118DA62E8350}.Debug|Any CPU.ActiveCfg = Debug|Any CPU
		{73B617FC-F0FC-80EC-A61C-118DA62E8350}.Debug|Any CPU.Build.0 = Debug|Any CPU
		{73B617FC-F0FC-80EC-A61C-118DA62E8350}.Release|Any CPU.ActiveCfg = Release|Any CPU
		{73B617FC-F0FC-80EC-A61C-118DA62E8350}.Release|Any CPU.Build.0 = Release|Any CPU
		{2281B97C-04A0-78DA-75F8-A0F552D57446}.Debug|Any CPU.ActiveCfg = Debug|Any CPU
		{2281B97C-04A0-78DA-75F8-A0F552D57446}.Debug|Any CPU.Build.0 = Debug|Any CPU
		{2281B97C-04A0-78DA-75F8-A0F552D57446}.Release|Any CPU.ActiveCfg = Release|Any CPU
		{2281B97C-04A0-78DA-75F8-A0F552D57446}.Release|Any CPU.Build.0 = Release|Any CPU
	EndGlobalSection
	GlobalSection(SolutionProperties) = preSolution
		HideSolutionNode = FALSE
	EndGlobalSection
	GlobalSection(MonoDevelopProperties) = preSolution
		StartupItem = Assembly-CSharp.csproj
	EndGlobalSection
EndGlobal
