
Microsoft Visual Studio Solution File, Format Version 11.00
# Visual Studio 2010
Project("{FAE04EC0-301F-11D3-BF4B-00C04F79EFBC}") = "3DTouchCamera", "Assembly-CSharp.csproj", "{BFB67834-23F4-AA4B-AFCD-A724482F86D1}"
EndProject
Global
	GlobalSection(SolutionConfigurationPlatforms) = preSolution
		Debug|Any CPU = Debug|Any CPU
		Release|Any CPU = Release|Any CPU
	EndGlobalSection
	GlobalSection(ProjectConfigurationPlatforms) = postSolution
		{BFB67834-23F4-AA4B-AFCD-A724482F86D1}.Debug|Any CPU.ActiveCfg = Debug|Any CPU
		{BFB67834-23F4-AA4B-AFCD-A724482F86D1}.Debug|Any CPU.Build.0 = Debug|Any CPU
		{BFB67834-23F4-AA4B-AFCD-A724482F86D1}.Release|Any CPU.ActiveCfg = Release|Any CPU
		{BFB67834-23F4-AA4B-AFCD-A724482F86D1}.Release|Any CPU.Build.0 = Release|Any CPU
	EndGlobalSection
	GlobalSection(SolutionProperties) = preSolution
		HideSolutionNode = FALSE
	EndGlobalSection
	GlobalSection(MonoDevelopProperties) = preSolution
		StartupItem = Assembly-CSharp.csproj
	EndGlobalSection
EndGlobal
